// !$*UTF8*$!
{
	archiveVersion = 1;
	classes = {
	};
	objectVersion = 56;
	objects = {

/* Begin PBXBuildFile section */
		853389C32C0DD35F00EDE68F /* AppetizersApp.swift in Sources */ = {isa = PBXBuildFile; fileRef = 853389C22C0DD35F00EDE68F /* AppetizersApp.swift */; };
		853389C52C0DD35F00EDE68F /* AppetizerTabView.swift in Sources */ = {isa = PBXBuildFile; fileRef = 853389C42C0DD35F00EDE68F /* AppetizerTabView.swift */; };
		853389C72C0DD36000EDE68F /* Assets.xcassets in Resources */ = {isa = PBXBuildFile; fileRef = 853389C62C0DD36000EDE68F /* Assets.xcassets */; };
		853389CA2C0DD36000EDE68F /* Preview Assets.xcassets in Resources */ = {isa = PBXBuildFile; fileRef = 853389C92C0DD36000EDE68F /* Preview Assets.xcassets */; };
		853389D12C0DD7C100EDE68F /* AppetizerListView.swift in Sources */ = {isa = PBXBuildFile; fileRef = 853389D02C0DD7C100EDE68F /* AppetizerListView.swift */; };
		853389D32C0DD7CE00EDE68F /* AccountView.swift in Sources */ = {isa = PBXBuildFile; fileRef = 853389D22C0DD7CE00EDE68F /* AccountView.swift */; };
		853389D52C0DD7DE00EDE68F /* OrderView.swift in Sources */ = {isa = PBXBuildFile; fileRef = 853389D42C0DD7DE00EDE68F /* OrderView.swift */; };
		853389D72C0E23C300EDE68F /* Appetizer.swift in Sources */ = {isa = PBXBuildFile; fileRef = 853389D62C0E23C300EDE68F /* Appetizer.swift */; };
		853389D92C1041CD00EDE68F /* NetworkManager.swift in Sources */ = {isa = PBXBuildFile; fileRef = 853389D82C1041CD00EDE68F /* NetworkManager.swift */; };
		853389DB2C1045C700EDE68F /* APError.swift in Sources */ = {isa = PBXBuildFile; fileRef = 853389DA2C1045C700EDE68F /* APError.swift */; };
		853389DD2C106C5B00EDE68F /* AppetizerListViewModel.swift in Sources */ = {isa = PBXBuildFile; fileRef = 853389DC2C106C5B00EDE68F /* AppetizerListViewModel.swift */; };
		853389DF2C1454C300EDE68F /* Alert.swift in Sources */ = {isa = PBXBuildFile; fileRef = 853389DE2C1454C300EDE68F /* Alert.swift */; };
		853389E12C146CEE00EDE68F /* LoadingView.swift in Sources */ = {isa = PBXBuildFile; fileRef = 853389E02C146CEE00EDE68F /* LoadingView.swift */; };
		853389E32C1470CA00EDE68F /* Color+Ext.swift in Sources */ = {isa = PBXBuildFile; fileRef = 853389E22C1470CA00EDE68F /* Color+Ext.swift */; };
		853389E52C15B20E00EDE68F /* RemoteImage.swift in Sources */ = {isa = PBXBuildFile; fileRef = 853389E42C15B20E00EDE68F /* RemoteImage.swift */; };
		854A04EC2C16BEF400F801A6 /* AppetizerDetailView.swift in Sources */ = {isa = PBXBuildFile; fileRef = 854A04EB2C16BEF400F801A6 /* AppetizerDetailView.swift */; };
		854A04F22C16EED600F801A6 /* buttonCoreDesign.swift in Sources */ = {isa = PBXBuildFile; fileRef = 854A04F12C16EED600F801A6 /* buttonCoreDesign.swift */; };
		854A04F42C16EFA700F801A6 /* xDismissedButtonCoreDesign.swift in Sources */ = {isa = PBXBuildFile; fileRef = 854A04F32C16EFA700F801A6 /* xDismissedButtonCoreDesign.swift */; };
		854A04F62C16F2DD00F801A6 /* nutritionInformation.swift in Sources */ = {isa = PBXBuildFile; fileRef = 854A04F52C16F2DD00F801A6 /* nutritionInformation.swift */; };
/* End PBXBuildFile section */

/* Begin PBXFileReference section */
		853389BF2C0DD35F00EDE68F /* Appetizers.app */ = {isa = PBXFileReference; explicitFileType = wrapper.application; includeInIndex = 0; path = Appetizers.app; sourceTree = BUILT_PRODUCTS_DIR; };
		853389C22C0DD35F00EDE68F /* AppetizersApp.swift */ = {isa = PBXFileReference; lastKnownFileType = sourcecode.swift; path = AppetizersApp.swift; sourceTree = "<group>"; };
		853389C42C0DD35F00EDE68F /* AppetizerTabView.swift */ = {isa = PBXFileReference; lastKnownFileType = sourcecode.swift; path = AppetizerTabView.swift; sourceTree = "<group>"; };
		853389C62C0DD36000EDE68F /* Assets.xcassets */ = {isa = PBXFileReference; lastKnownFileType = folder.assetcatalog; path = Assets.xcassets; sourceTree = "<group>"; };
		853389C92C0DD36000EDE68F /* Preview Assets.xcassets */ = {isa = PBXFileReference; lastKnownFileType = folder.assetcatalog; path = "Preview Assets.xcassets"; sourceTree = "<group>"; };
		853389D02C0DD7C100EDE68F /* AppetizerListView.swift */ = {isa = PBXFileReference; lastKnownFileType = sourcecode.swift; path = AppetizerListView.swift; sourceTree = "<group>"; };
		853389D22C0DD7CE00EDE68F /* AccountView.swift */ = {isa = PBXFileReference; lastKnownFileType = sourcecode.swift; path = AccountView.swift; sourceTree = "<group>"; };
		853389D42C0DD7DE00EDE68F /* OrderView.swift */ = {isa = PBXFileReference; lastKnownFileType = sourcecode.swift; path = OrderView.swift; sourceTree = "<group>"; };
		853389D62C0E23C300EDE68F /* Appetizer.swift */ = {isa = PBXFileReference; lastKnownFileType = sourcecode.swift; path = Appetizer.swift; sourceTree = "<group>"; };
		853389D82C1041CD00EDE68F /* NetworkManager.swift */ = {isa = PBXFileReference; lastKnownFileType = sourcecode.swift; path = NetworkManager.swift; sourceTree = "<group>"; };
		853389DA2C1045C700EDE68F /* APError.swift */ = {isa = PBXFileReference; lastKnownFileType = sourcecode.swift; path = APError.swift; sourceTree = "<group>"; };
		853389DC2C106C5B00EDE68F /* AppetizerListViewModel.swift */ = {isa = PBXFileReference; lastKnownFileType = sourcecode.swift; path = AppetizerListViewModel.swift; sourceTree = "<group>"; };
		853389DE2C1454C300EDE68F /* Alert.swift */ = {isa = PBXFileReference; lastKnownFileType = sourcecode.swift; path = Alert.swift; sourceTree = "<group>"; };
		853389E02C146CEE00EDE68F /* LoadingView.swift */ = {isa = PBXFileReference; lastKnownFileType = sourcecode.swift; path = LoadingView.swift; sourceTree = "<group>"; };
		853389E22C1470CA00EDE68F /* Color+Ext.swift */ = {isa = PBXFileReference; lastKnownFileType = sourcecode.swift; path = "Color+Ext.swift"; sourceTree = "<group>"; };
		853389E42C15B20E00EDE68F /* RemoteImage.swift */ = {isa = PBXFileReference; lastKnownFileType = sourcecode.swift; path = RemoteImage.swift; sourceTree = "<group>"; };
		854A04EB2C16BEF400F801A6 /* AppetizerDetailView.swift */ = {isa = PBXFileReference; lastKnownFileType = sourcecode.swift; path = AppetizerDetailView.swift; sourceTree = "<group>"; };
		854A04F12C16EED600F801A6 /* buttonCoreDesign.swift */ = {isa = PBXFileReference; lastKnownFileType = sourcecode.swift; path = buttonCoreDesign.swift; sourceTree = "<group>"; };
		854A04F32C16EFA700F801A6 /* xDismissedButtonCoreDesign.swift */ = {isa = PBXFileReference; lastKnownFileType = sourcecode.swift; path = xDismissedButtonCoreDesign.swift; sourceTree = "<group>"; };
		854A04F52C16F2DD00F801A6 /* nutritionInformation.swift */ = {isa = PBXFileReference; lastKnownFileType = sourcecode.swift; path = nutritionInformation.swift; sourceTree = "<group>"; };
/* End PBXFileReference section */

/* Begin PBXFrameworksBuildPhase section */
		853389BC2C0DD35F00EDE68F /* Frameworks */ = {
			isa = PBXFrameworksBuildPhase;
			buildActionMask = 2147483647;
			files = (
			);
			runOnlyForDeploymentPostprocessing = 0;
		};
/* End PBXFrameworksBuildPhase section */

/* Begin PBXGroup section */
		853389B62C0DD35E00EDE68F = {
			isa = PBXGroup;
			children = (
				853389C12C0DD35F00EDE68F /* Appetizers */,
				853389C02C0DD35F00EDE68F /* Products */,
			);
			sourceTree = "<group>";
		};
		853389C02C0DD35F00EDE68F /* Products */ = {
			isa = PBXGroup;
			children = (
				853389BF2C0DD35F00EDE68F /* Appetizers.app */,
			);
			name = Products;
			sourceTree = "<group>";
		};
		853389C12C0DD35F00EDE68F /* Appetizers */ = {
			isa = PBXGroup;
			children = (
				854A04ED2C16ECA400F801A6 /* Views */,
				853389EF2C16B6E400EDE68F /* UIKit Components */,
				853389EE2C16B68F00EDE68F /* Models */,
				853389EA2C16B60500EDE68F /* Utilities */,
				853389E72C16B56300EDE68F /* Screens */,
				853389C22C0DD35F00EDE68F /* AppetizersApp.swift */,
				853389C62C0DD36000EDE68F /* Assets.xcassets */,
				853389C82C0DD36000EDE68F /* Preview Content */,
			);
			path = Appetizers;
			sourceTree = "<group>";
		};
		853389C82C0DD36000EDE68F /* Preview Content */ = {
			isa = PBXGroup;
			children = (
				853389C92C0DD36000EDE68F /* Preview Assets.xcassets */,
			);
			path = "Preview Content";
			sourceTree = "<group>";
		};
		853389E62C16B54D00EDE68F /* AppetizerListView */ = {
			isa = PBXGroup;
			children = (
				853389DC2C106C5B00EDE68F /* AppetizerListViewModel.swift */,
				853389D02C0DD7C100EDE68F /* AppetizerListView.swift */,
				854A04EB2C16BEF400F801A6 /* AppetizerDetailView.swift */,
			);
			path = AppetizerListView;
			sourceTree = "<group>";
		};
		853389E72C16B56300EDE68F /* Screens */ = {
			isa = PBXGroup;
			children = (
				853389C42C0DD35F00EDE68F /* AppetizerTabView.swift */,
				853389E62C16B54D00EDE68F /* AppetizerListView */,
				853389E82C16B57300EDE68F /* AccountView */,
				853389E92C16B58100EDE68F /* OrderView */,
			);
			path = Screens;
			sourceTree = "<group>";
		};
		853389E82C16B57300EDE68F /* AccountView */ = {
			isa = PBXGroup;
			children = (
				853389D22C0DD7CE00EDE68F /* AccountView.swift */,
			);
			path = AccountView;
			sourceTree = "<group>";
		};
		853389E92C16B58100EDE68F /* OrderView */ = {
			isa = PBXGroup;
			children = (
				853389D42C0DD7DE00EDE68F /* OrderView.swift */,
			);
			path = OrderView;
			sourceTree = "<group>";
		};
		853389EA2C16B60500EDE68F /* Utilities */ = {
			isa = PBXGroup;
			children = (
				853389F02C16B72600EDE68F /* Image */,
				853389ED2C16B64E00EDE68F /* Alerts */,
				853389EC2C16B62800EDE68F /* Extensions */,
				853389EB2C16B61700EDE68F /* Managers */,
			);
			path = Utilities;
			sourceTree = "<group>";
		};
		853389EB2C16B61700EDE68F /* Managers */ = {
			isa = PBXGroup;
			children = (
				853389D82C1041CD00EDE68F /* NetworkManager.swift */,
			);
			path = Managers;
			sourceTree = "<group>";
		};
		853389EC2C16B62800EDE68F /* Extensions */ = {
			isa = PBXGroup;
			children = (
				853389E22C1470CA00EDE68F /* Color+Ext.swift */,
			);
			path = Extensions;
			sourceTree = "<group>";
		};
		853389ED2C16B64E00EDE68F /* Alerts */ = {
			isa = PBXGroup;
			children = (
				853389DA2C1045C700EDE68F /* APError.swift */,
				853389DE2C1454C300EDE68F /* Alert.swift */,
			);
			path = Alerts;
			sourceTree = "<group>";
		};
		853389EE2C16B68F00EDE68F /* Models */ = {
			isa = PBXGroup;
			children = (
				853389D62C0E23C300EDE68F /* Appetizer.swift */,
			);
			path = Models;
			sourceTree = "<group>";
		};
		853389EF2C16B6E400EDE68F /* UIKit Components */ = {
			isa = PBXGroup;
			children = (
				853389E02C146CEE00EDE68F /* LoadingView.swift */,
			);
			path = "UIKit Components";
			sourceTree = "<group>";
		};
		853389F02C16B72600EDE68F /* Image */ = {
			isa = PBXGroup;
			children = (
				853389E42C15B20E00EDE68F /* RemoteImage.swift */,
			);
			path = Image;
			sourceTree = "<group>";
		};
		854A04ED2C16ECA400F801A6 /* Views */ = {
			isa = PBXGroup;
			children = (
				854A04EE2C16ECAA00F801A6 /* Buttons */,
				854A04F52C16F2DD00F801A6 /* nutritionInformation.swift */,
			);
			path = Views;
			sourceTree = "<group>";
		};
		854A04EE2C16ECAA00F801A6 /* Buttons */ = {
			isa = PBXGroup;
			children = (
				854A04F12C16EED600F801A6 /* buttonCoreDesign.swift */,
				854A04F32C16EFA700F801A6 /* xDismissedButtonCoreDesign.swift */,
			);
			path = Buttons;
			sourceTree = "<group>";
		};
/* End PBXGroup section */

/* Begin PBXNativeTarget section */
		853389BE2C0DD35F00EDE68F /* Appetizers */ = {
			isa = PBXNativeTarget;
			buildConfigurationList = 853389CD2C0DD36000EDE68F /* Build configuration list for PBXNativeTarget "Appetizers" */;
			buildPhases = (
				853389BB2C0DD35F00EDE68F /* Sources */,
				853389BC2C0DD35F00EDE68F /* Frameworks */,
				853389BD2C0DD35F00EDE68F /* Resources */,
			);
			buildRules = (
			);
			dependencies = (
			);
			name = Appetizers;
			productName = Appetizers;
			productReference = 853389BF2C0DD35F00EDE68F /* Appetizers.app */;
			productType = "com.apple.product-type.application";
		};
/* End PBXNativeTarget section */

/* Begin PBXProject section */
		853389B72C0DD35E00EDE68F /* Project object */ = {
			isa = PBXProject;
			attributes = {
				BuildIndependentTargetsInParallel = 1;
				LastSwiftUpdateCheck = 1540;
				LastUpgradeCheck = 1540;
				TargetAttributes = {
					853389BE2C0DD35F00EDE68F = {
						CreatedOnToolsVersion = 15.4;
					};
				};
			};
			buildConfigurationList = 853389BA2C0DD35E00EDE68F /* Build configuration list for PBXProject "Appetizers" */;
			compatibilityVersion = "Xcode 14.0";
			developmentRegion = en;
			hasScannedForEncodings = 0;
			knownRegions = (
				en,
				Base,
			);
			mainGroup = 853389B62C0DD35E00EDE68F;
			productRefGroup = 853389C02C0DD35F00EDE68F /* Products */;
			projectDirPath = "";
			projectRoot = "";
			targets = (
				853389BE2C0DD35F00EDE68F /* Appetizers */,
			);
		};
/* End PBXProject section */

/* Begin PBXResourcesBuildPhase section */
		853389BD2C0DD35F00EDE68F /* Resources */ = {
			isa = PBXResourcesBuildPhase;
			buildActionMask = 2147483647;
			files = (
				853389CA2C0DD36000EDE68F /* Preview Assets.xcassets in Resources */,
				853389C72C0DD36000EDE68F /* Assets.xcassets in Resources */,
			);
			runOnlyForDeploymentPostprocessing = 0;
		};
/* End PBXResourcesBuildPhase section */

/* Begin PBXSourcesBuildPhase section */
		853389BB2C0DD35F00EDE68F /* Sources */ = {
			isa = PBXSourcesBuildPhase;
			buildActionMask = 2147483647;
			files = (
				853389D72C0E23C300EDE68F /* Appetizer.swift in Sources */,
				853389D32C0DD7CE00EDE68F /* AccountView.swift in Sources */,
				853389C52C0DD35F00EDE68F /* AppetizerTabView.swift in Sources */,
				853389E12C146CEE00EDE68F /* LoadingView.swift in Sources */,
				853389DB2C1045C700EDE68F /* APError.swift in Sources */,
				854A04F22C16EED600F801A6 /* buttonCoreDesign.swift in Sources */,
				853389E32C1470CA00EDE68F /* Color+Ext.swift in Sources */,
				853389E52C15B20E00EDE68F /* RemoteImage.swift in Sources */,
				853389DD2C106C5B00EDE68F /* AppetizerListViewModel.swift in Sources */,
				854A04EC2C16BEF400F801A6 /* AppetizerDetailView.swift in Sources */,
				853389D92C1041CD00EDE68F /* NetworkManager.swift in Sources */,
				853389C32C0DD35F00EDE68F /* AppetizersApp.swift in Sources */,
				853389D12C0DD7C100EDE68F /* AppetizerListView.swift in Sources */,
				853389DF2C1454C300EDE68F /* Alert.swift in Sources */,
				854A04F42C16EFA700F801A6 /* xDismissedButtonCoreDesign.swift in Sources */,
				854A04F62C16F2DD00F801A6 /* nutritionInformation.swift in Sources */,
				853389D52C0DD7DE00EDE68F /* OrderView.swift in Sources */,
			);
			runOnlyForDeploymentPostprocessing = 0;
		};
/* End PBXSourcesBuildPhase section */

/* Begin XCBuildConfiguration section */
		853389CB2C0DD36000EDE68F /* Debug */ = {
			isa = XCBuildConfiguration;
			buildSettings = {
				ALWAYS_SEARCH_USER_PATHS = NO;
				ASSETCATALOG_COMPILER_GENERATE_SWIFT_ASSET_SYMBOL_EXTENSIONS = YES;
				CLANG_ANALYZER_NONNULL = YES;
				CLANG_ANALYZER_NUMBER_OBJECT_CONVERSION = YES_AGGRESSIVE;
				CLANG_CXX_LANGUAGE_STANDARD = "gnu++20";
				CLANG_ENABLE_MODULES = YES;
				CLANG_ENABLE_OBJC_ARC = YES;
				CLANG_ENABLE_OBJC_WEAK = YES;
				CLANG_WARN_BLOCK_CAPTURE_AUTORELEASING = YES;
				CLANG_WARN_BOOL_CONVERSION = YES;
				CLANG_WARN_COMMA = YES;
				CLANG_WARN_CONSTANT_CONVERSION = YES;
				CLANG_WARN_DEPRECATED_OBJC_IMPLEMENTATIONS = YES;
				CLANG_WARN_DIRECT_OBJC_ISA_USAGE = YES_ERROR;
				CLANG_WARN_DOCUMENTATION_COMMENTS = YES;
				CLANG_WARN_EMPTY_BODY = YES;
				CLANG_WARN_ENUM_CONVERSION = YES;
				CLANG_WARN_INFINITE_RECURSION = YES;
				CLANG_WARN_INT_CONVERSION = YES;
				CLANG_WARN_NON_LITERAL_NULL_CONVERSION = YES;
				CLANG_WARN_OBJC_IMPLICIT_RETAIN_SELF = YES;
				CLANG_WARN_OBJC_LITERAL_CONVERSION = YES;
				CLANG_WARN_OBJC_ROOT_CLASS = YES_ERROR;
				CLANG_WARN_QUOTED_INCLUDE_IN_FRAMEWORK_HEADER = YES;
				CLANG_WARN_RANGE_LOOP_ANALYSIS = YES;
				CLANG_WARN_STRICT_PROTOTYPES = YES;
				CLANG_WARN_SUSPICIOUS_MOVE = YES;
				CLANG_WARN_UNGUARDED_AVAILABILITY = YES_AGGRESSIVE;
				CLANG_WARN_UNREACHABLE_CODE = YES;
				CLANG_WARN__DUPLICATE_METHOD_MATCH = YES;
				COPY_PHASE_STRIP = NO;
				DEBUG_INFORMATION_FORMAT = dwarf;
				ENABLE_STRICT_OBJC_MSGSEND = YES;
				ENABLE_TESTABILITY = YES;
				ENABLE_USER_SCRIPT_SANDBOXING = YES;
				GCC_C_LANGUAGE_STANDARD = gnu17;
				GCC_DYNAMIC_NO_PIC = NO;
				GCC_NO_COMMON_BLOCKS = YES;
				GCC_OPTIMIZATION_LEVEL = 0;
				GCC_PREPROCESSOR_DEFINITIONS = (
					"DEBUG=1",
					"$(inherited)",
				);
				GCC_WARN_64_TO_32_BIT_CONVERSION = YES;
				GCC_WARN_ABOUT_RETURN_TYPE = YES_ERROR;
				GCC_WARN_UNDECLARED_SELECTOR = YES;
				GCC_WARN_UNINITIALIZED_AUTOS = YES_AGGRESSIVE;
				GCC_WARN_UNUSED_FUNCTION = YES;
				GCC_WARN_UNUSED_VARIABLE = YES;
				IPHONEOS_DEPLOYMENT_TARGET = 17.5;
				LOCALIZATION_PREFERS_STRING_CATALOGS = YES;
				MTL_ENABLE_DEBUG_INFO = INCLUDE_SOURCE;
				MTL_FAST_MATH = YES;
				ONLY_ACTIVE_ARCH = YES;
				SDKROOT = iphoneos;
				SWIFT_ACTIVE_COMPILATION_CONDITIONS = "DEBUG $(inherited)";
				SWIFT_OPTIMIZATION_LEVEL = "-Onone";
			};
			name = Debug;
		};
		853389CC2C0DD36000EDE68F /* Release */ = {
			isa = XCBuildConfiguration;
			buildSettings = {
				ALWAYS_SEARCH_USER_PATHS = NO;
				ASSETCATALOG_COMPILER_GENERATE_SWIFT_ASSET_SYMBOL_EXTENSIONS = YES;
				CLANG_ANALYZER_NONNULL = YES;
				CLANG_ANALYZER_NUMBER_OBJECT_CONVERSION = YES_AGGRESSIVE;
				CLANG_CXX_LANGUAGE_STANDARD = "gnu++20";
				CLANG_ENABLE_MODULES = YES;
				CLANG_ENABLE_OBJC_ARC = YES;
				CLANG_ENABLE_OBJC_WEAK = YES;
				CLANG_WARN_BLOCK_CAPTURE_AUTORELEASING = YES;
				CLANG_WARN_BOOL_CONVERSION = YES;
				CLANG_WARN_COMMA = YES;
				CLANG_WARN_CONSTANT_CONVERSION = YES;
				CLANG_WARN_DEPRECATED_OBJC_IMPLEMENTATIONS = YES;
				CLANG_WARN_DIRECT_OBJC_ISA_USAGE = YES_ERROR;
				CLANG_WARN_DOCUMENTATION_COMMENTS = YES;
				CLANG_WARN_EMPTY_BODY = YES;
				CLANG_WARN_ENUM_CONVERSION = YES;
				CLANG_WARN_INFINITE_RECURSION = YES;
				CLANG_WARN_INT_CONVERSION = YES;
				CLANG_WARN_NON_LITERAL_NULL_CONVERSION = YES;
				CLANG_WARN_OBJC_IMPLICIT_RETAIN_SELF = YES;
				CLANG_WARN_OBJC_LITERAL_CONVERSION = YES;
				CLANG_WARN_OBJC_ROOT_CLASS = YES_ERROR;
				CLANG_WARN_QUOTED_INCLUDE_IN_FRAMEWORK_HEADER = YES;
				CLANG_WARN_RANGE_LOOP_ANALYSIS = YES;
				CLANG_WARN_STRICT_PROTOTYPES = YES;
				CLANG_WARN_SUSPICIOUS_MOVE = YES;
				CLANG_WARN_UNGUARDED_AVAILABILITY = YES_AGGRESSIVE;
				CLANG_WARN_UNREACHABLE_CODE = YES;
				CLANG_WARN__DUPLICATE_METHOD_MATCH = YES;
				COPY_PHASE_STRIP = NO;
				DEBUG_INFORMATION_FORMAT = "dwarf-with-dsym";
				ENABLE_NS_ASSERTIONS = NO;
				ENABLE_STRICT_OBJC_MSGSEND = YES;
				ENABLE_USER_SCRIPT_SANDBOXING = YES;
				GCC_C_LANGUAGE_STANDARD = gnu17;
				GCC_NO_COMMON_BLOCKS = YES;
				GCC_WARN_64_TO_32_BIT_CONVERSION = YES;
				GCC_WARN_ABOUT_RETURN_TYPE = YES_ERROR;
				GCC_WARN_UNDECLARED_SELECTOR = YES;
				GCC_WARN_UNINITIALIZED_AUTOS = YES_AGGRESSIVE;
				GCC_WARN_UNUSED_FUNCTION = YES;
				GCC_WARN_UNUSED_VARIABLE = YES;
				IPHONEOS_DEPLOYMENT_TARGET = 17.5;
				LOCALIZATION_PREFERS_STRING_CATALOGS = YES;
				MTL_ENABLE_DEBUG_INFO = NO;
				MTL_FAST_MATH = YES;
				SDKROOT = iphoneos;
				SWIFT_COMPILATION_MODE = wholemodule;
				VALIDATE_PRODUCT = YES;
			};
			name = Release;
		};
		853389CE2C0DD36000EDE68F /* Debug */ = {
			isa = XCBuildConfiguration;
			buildSettings = {
				ASSETCATALOG_COMPILER_APPICON_NAME = AppIcon;
				ASSETCATALOG_COMPILER_GLOBAL_ACCENT_COLOR_NAME = AccentColor;
				CODE_SIGN_STYLE = Automatic;
				CURRENT_PROJECT_VERSION = 1;
				DEVELOPMENT_ASSET_PATHS = "\"Appetizers/Preview Content\"";
				DEVELOPMENT_TEAM = FNSKX4LB58;
				ENABLE_PREVIEWS = YES;
				GENERATE_INFOPLIST_FILE = YES;
				INFOPLIST_KEY_UIApplicationSceneManifest_Generation = YES;
				INFOPLIST_KEY_UIApplicationSupportsIndirectInputEvents = YES;
				INFOPLIST_KEY_UILaunchScreen_Generation = YES;
				INFOPLIST_KEY_UISupportedInterfaceOrientations_iPad = "UIInterfaceOrientationPortrait UIInterfaceOrientationPortraitUpsideDown UIInterfaceOrientationLandscapeLeft UIInterfaceOrientationLandscapeRight";
				INFOPLIST_KEY_UISupportedInterfaceOrientations_iPhone = "UIInterfaceOrientationPortrait UIInterfaceOrientationLandscapeLeft UIInterfaceOrientationLandscapeRight";
				LD_RUNPATH_SEARCH_PATHS = (
					"$(inherited)",
					"@executable_path/Frameworks",
				);
				MARKETING_VERSION = 1.0;
				PRODUCT_BUNDLE_IDENTIFIER = amritanshudash.Appetizers;
				PRODUCT_NAME = "$(TARGET_NAME)";
				SWIFT_EMIT_LOC_STRINGS = YES;
				SWIFT_VERSION = 5.0;
				TARGETED_DEVICE_FAMILY = "1,2";
			};
			name = Debug;
		};
		853389CF2C0DD36000EDE68F /* Release */ = {
			isa = XCBuildConfiguration;
			buildSettings = {
				ASSETCATALOG_COMPILER_APPICON_NAME = AppIcon;
				ASSETCATALOG_COMPILER_GLOBAL_ACCENT_COLOR_NAME = AccentColor;
				CODE_SIGN_STYLE = Automatic;
				CURRENT_PROJECT_VERSION = 1;
				DEVELOPMENT_ASSET_PATHS = "\"Appetizers/Preview Content\"";
				DEVELOPMENT_TEAM = FNSKX4LB58;
				ENABLE_PREVIEWS = YES;
				GENERATE_INFOPLIST_FILE = YES;
				INFOPLIST_KEY_UIApplicationSceneManifest_Generation = YES;
				INFOPLIST_KEY_UIApplicationSupportsIndirectInputEvents = YES;
				INFOPLIST_KEY_UILaunchScreen_Generation = YES;
				INFOPLIST_KEY_UISupportedInterfaceOrientations_iPad = "UIInterfaceOrientationPortrait UIInterfaceOrientationPortraitUpsideDown UIInterfaceOrientationLandscapeLeft UIInterfaceOrientationLandscapeRight";
				INFOPLIST_KEY_UISupportedInterfaceOrientations_iPhone = "UIInterfaceOrientationPortrait UIInterfaceOrientationLandscapeLeft UIInterfaceOrientationLandscapeRight";
				LD_RUNPATH_SEARCH_PATHS = (
					"$(inherited)",
					"@executable_path/Frameworks",
				);
				MARKETING_VERSION = 1.0;
				PRODUCT_BUNDLE_IDENTIFIER = amritanshudash.Appetizers;
				PRODUCT_NAME = "$(TARGET_NAME)";
				SWIFT_EMIT_LOC_STRINGS = YES;
				SWIFT_VERSION = 5.0;
				TARGETED_DEVICE_FAMILY = "1,2";
			};
			name = Release;
		};
/* End XCBuildConfiguration section */

/* Begin XCConfigurationList section */
		853389BA2C0DD35E00EDE68F /* Build configuration list for PBXProject "Appetizers" */ = {
			isa = XCConfigurationList;
			buildConfigurations = (
				853389CB2C0DD36000EDE68F /* Debug */,
				853389CC2C0DD36000EDE68F /* Release */,
			);
			defaultConfigurationIsVisible = 0;
			defaultConfigurationName = Release;
		};
		853389CD2C0DD36000EDE68F /* Build configuration list for PBXNativeTarget "Appetizers" */ = {
			isa = XCConfigurationList;
			buildConfigurations = (
				853389CE2C0DD36000EDE68F /* Debug */,
				853389CF2C0DD36000EDE68F /* Release */,
			);
			defaultConfigurationIsVisible = 0;
			defaultConfigurationName = Release;
		};
/* End XCConfigurationList section */
	};
	rootObject = 853389B72C0DD35E00EDE68F /* Project object */;
}
